
Microsoft Visual Studio Solution File, Format Version 12.00
# Visual Studio Version 17
VisualStudioVersion = 17.4.33213.308
MinimumVisualStudioVersion = 10.0.40219.1
Project("{9A19103F-16F7-4668-BE54-9A1E7A4F7556}") = "DigutusProject.Repository", "DigutusProject.Repository\DigutusProject.Repository.csproj", "{01CF84E5-3B3A-4B9F-B1F0-47615248D49C}"
EndProject
Project("{9A19103F-16F7-4668-BE54-9A1E7A4F7556}") = "DigutusProject.Core", "DigutusProject.Core\DigutusProject.Core.csproj", "{E6176268-3DA7-4B08-AD5D-5954CF78E271}"
EndProject
Project("{9A19103F-16F7-4668-BE54-9A1E7A4F7556}") = "DigutusProject.Service", "DigutusProject.Service\DigutusProject.Service.csproj", "{C10B0719-370D-45E9-8D5C-764C35904C7F}"
EndProject
Project("{9A19103F-16F7-4668-BE54-9A1E7A4F7556}") = "DigutusProject.Web", "DigutusProject.Web\DigutusProject.Web.csproj", "{CDD44217-6205-4E20-B298-529278D915B2}"
EndProject
Project("{9A19103F-16F7-4668-BE54-9A1E7A4F7556}") = "DigutusProject.UnitTest", "DigutusProject.UnitTest\DigutusProject.UnitTest.csproj", "{06DCB176-717F-4539-BA9D-4A9364BDD1D6}"
EndProject
Project("{FAE04EC0-301F-11D3-BF4B-00C04F79EFBC}") = "DigutusProject.Mail", "DigutusProject.Mail\DigutusProject.Mail.csproj", "{208F5153-EA82-42E4-8906-A79FF467E7C9}"
EndProject
Global
	GlobalSection(SolutionConfigurationPlatforms) = preSolution
		Debug|Any CPU = Debug|Any CPU
		Release|Any CPU = Release|Any CPU
	EndGlobalSection
	GlobalSection(ProjectConfigurationPlatforms) = postSolution
		{01CF84E5-3B3A-4B9F-B1F0-47615248D49C}.Debug|Any CPU.ActiveCfg = Debug|Any CPU
		{01CF84E5-3B3A-4B9F-B1F0-47615248D49C}.Debug|Any CPU.Build.0 = Debug|Any CPU
		{01CF84E5-3B3A-4B9F-B1F0-47615248D49C}.Release|Any CPU.ActiveCfg = Release|Any CPU
		{01CF84E5-3B3A-4B9F-B1F0-47615248D49C}.Release|Any CPU.Build.0 = Release|Any CPU
		{E6176268-3DA7-4B08-AD5D-5954CF78E271}.Debug|Any CPU.ActiveCfg = Debug|Any CPU
		{E6176268-3DA7-4B08-AD5D-5954CF78E271}.Debug|Any CPU.Build.0 = Debug|Any CPU
		{E6176268-3DA7-4B08-AD5D-5954CF78E271}.Release|Any CPU.ActiveCfg = Release|Any CPU
		{E6176268-3DA7-4B08-AD5D-5954CF78E271}.Release|Any CPU.Build.0 = Release|Any CPU
		{C10B0719-370D-45E9-8D5C-764C35904C7F}.Debug|Any CPU.ActiveCfg = Debug|Any CPU
		{C10B0719-370D-45E9-8D5C-764C35904C7F}.Debug|Any CPU.Build.0 = Debug|Any CPU
		{C10B0719-370D-45E9-8D5C-764C35904C7F}.Release|Any CPU.ActiveCfg = Release|Any CPU
		{C10B0719-370D-45E9-8D5C-764C35904C7F}.Release|Any CPU.Build.0 = Release|Any CPU
		{CDD44217-6205-4E20-B298-529278D915B2}.Debug|Any CPU.ActiveCfg = Debug|Any CPU
		{CDD44217-6205-4E20-B298-529278D915B2}.Debug|Any CPU.Build.0 = Debug|Any CPU
		{CDD44217-6205-4E20-B298-529278D915B2}.Release|Any CPU.ActiveCfg = Release|Any CPU
		{CDD44217-6205-4E20-B298-529278D915B2}.Release|Any CPU.Build.0 = Release|Any CPU
		{06DCB176-717F-4539-BA9D-4A9364BDD1D6}.Debug|Any CPU.ActiveCfg = Debug|Any CPU
		{06DCB176-717F-4539-BA9D-4A9364BDD1D6}.Debug|Any CPU.Build.0 = Debug|Any CPU
		{06DCB176-717F-4539-BA9D-4A9364BDD1D6}.Release|Any CPU.ActiveCfg = Release|Any CPU
		{06DCB176-717F-4539-BA9D-4A9364BDD1D6}.Release|Any CPU.Build.0 = Release|Any CPU
		{208F5153-EA82-42E4-8906-A79FF467E7C9}.Debug|Any CPU.ActiveCfg = Debug|Any CPU
		{208F5153-EA82-42E4-8906-A79FF467E7C9}.Debug|Any CPU.Build.0 = Debug|Any CPU
		{208F5153-EA82-42E4-8906-A79FF467E7C9}.Release|Any CPU.ActiveCfg = Release|Any CPU
		{208F5153-EA82-42E4-8906-A79FF467E7C9}.Release|Any CPU.Build.0 = Release|Any CPU
	EndGlobalSection
	GlobalSection(SolutionProperties) = preSolution
		HideSolutionNode = FALSE
	EndGlobalSection
	GlobalSection(ExtensibilityGlobals) = postSolution
		SolutionGuid = {1156B3AF-6BC4-4987-95FA-37C2444FE761}
	EndGlobalSection
EndGlobal
